
Microsoft Visual Studio Solution File, Format Version 12.00
# Visual Studio Version 16
VisualStudioVersion = 16.0.31515.178
MinimumVisualStudioVersion = 10.0.40219.1
Project("{FAE04EC0-301F-11D3-BF4B-00C04F79EFBC}") = "TrainTable.DAL", "TrainTable.DAL\TrainTable.DAL.csproj", "{958E823B-2F9E-47BB-8551-CCD17AAC8BD8}"
EndProject
Global
	GlobalSection(SolutionConfigurationPlatforms) = preSolution
		Debug|Any CPU = Debug|Any CPU
		Release|Any CPU = Release|Any CPU
	EndGlobalSection
	GlobalSection(ProjectConfigurationPlatforms) = postSolution
		{958E823B-2F9E-47BB-8551-CCD17AAC8BD8}.Debug|Any CPU.ActiveCfg = Debug|Any CPU
		{958E823B-2F9E-47BB-8551-CCD17AAC8BD8}.Debug|Any CPU.Build.0 = Debug|Any CPU
		{958E823B-2F9E-47BB-8551-CCD17AAC8BD8}.Release|Any CPU.ActiveCfg = Release|Any CPU
		{958E823B-2F9E-47BB-8551-CCD17AAC8BD8}.Release|Any CPU.Build.0 = Release|Any CPU
	EndGlobalSection
	GlobalSection(SolutionProperties) = preSolution
		HideSolutionNode = FALSE
	EndGlobalSection
	GlobalSection(ExtensibilityGlobals) = postSolution
		SolutionGuid = {BD50928F-C9AB-4062-91C8-2A511B241998}
	EndGlobalSection
EndGlobal
